
Microsoft Visual Studio Solution File, Format Version 12.00
# Visual Studio Version 16
VisualStudioVersion = 16.0.31702.278
MinimumVisualStudioVersion = 10.0.40219.1
Project("{FAE04EC0-301F-11D3-BF4B-00C04F79EFBC}") = "WebBadeCode", "WebBadeCode\WebBadeCode.csproj", "{BAF84062-A24C-4024-8911-CF5014913F0A}"
EndProject
Global
	GlobalSection(SolutionConfigurationPlatforms) = preSolution
		Debug|Any CPU = Debug|Any CPU
		Release|Any CPU = Release|Any CPU
	EndGlobalSection
	GlobalSection(ProjectConfigurationPlatforms) = postSolution
		{BAF84062-A24C-4024-8911-CF5014913F0A}.Debug|Any CPU.ActiveCfg = Debug|Any CPU
		{BAF84062-A24C-4024-8911-CF5014913F0A}.Debug|Any CPU.Build.0 = Debug|Any CPU
		{BAF84062-A24C-4024-8911-CF5014913F0A}.Release|Any CPU.ActiveCfg = Release|Any CPU
		{BAF84062-A24C-4024-8911-CF5014913F0A}.Release|Any CPU.Build.0 = Release|Any CPU
	EndGlobalSection
	GlobalSection(SolutionProperties) = preSolution
		HideSolutionNode = FALSE
	EndGlobalSection
	GlobalSection(ExtensibilityGlobals) = postSolution
		SolutionGuid = {1EA75660-A628-4609-9554-AFEC04CCE357}
	EndGlobalSection
EndGlobal
